
Microsoft Visual Studio Solution File, Format Version 12.00
# Visual Studio Version 17
VisualStudioVersion = 17.14.36301.6 d17.14
MinimumVisualStudioVersion = 10.0.40219.1
Project("{FAE04EC0-301F-11D3-BF4B-00C04F79EFBC}") = "EventEase", "EventEase\EventEase.csproj", "{0A74A316-85F5-40CD-93BD-D42031BD9F02}"
EndProject
Global
	GlobalSection(SolutionConfigurationPlatforms) = preSolution
		Debug|Any CPU = Debug|Any CPU
		Release|Any CPU = Release|Any CPU
	EndGlobalSection
	GlobalSection(ProjectConfigurationPlatforms) = postSolution
		{0A74A316-85F5-40CD-93BD-D42031BD9F02}.Debug|Any CPU.ActiveCfg = Debug|Any CPU
		{0A74A316-85F5-40CD-93BD-D42031BD9F02}.Debug|Any CPU.Build.0 = Debug|Any CPU
		{0A74A316-85F5-40CD-93BD-D42031BD9F02}.Release|Any CPU.ActiveCfg = Release|Any CPU
		{0A74A316-85F5-40CD-93BD-D42031BD9F02}.Release|Any CPU.Build.0 = Release|Any CPU
	EndGlobalSection
	GlobalSection(SolutionProperties) = preSolution
		HideSolutionNode = FALSE
	EndGlobalSection
	GlobalSection(ExtensibilityGlobals) = postSolution
		SolutionGuid = {235964C1-FB5C-4D07-913F-1986E05CF29D}
	EndGlobalSection
EndGlobal
